// !$*UTF8*$!
{
	archiveVersion = 1;
	classes = {
	};
	objectVersion = 55;
	objects = {

/* Begin PBXBuildFile section */
		5DCE6D79284A77990036E688 /* AppDelegate.swift in Sources */ = {isa = PBXBuildFile; fileRef = 5DCE6D78284A77990036E688 /* AppDelegate.swift */; };
		5DCE6D7B284A77990036E688 /* SceneDelegate.swift in Sources */ = {isa = PBXBuildFile; fileRef = 5DCE6D7A284A77990036E688 /* SceneDelegate.swift */; };
		5DCE6D7D284A77990036E688 /* ShakeYourPhoneViewController.swift in Sources */ = {isa = PBXBuildFile; fileRef = 5DCE6D7C284A77990036E688 /* ShakeYourPhoneViewController.swift */; };
		5DCE6D80284A77990036E688 /* Main.storyboard in Resources */ = {isa = PBXBuildFile; fileRef = 5DCE6D7E284A77990036E688 /* Main.storyboard */; };
		5DCE6D82284A779A0036E688 /* Assets.xcassets in Resources */ = {isa = PBXBuildFile; fileRef = 5DCE6D81284A779A0036E688 /* Assets.xcassets */; };
		5DCE6D85284A779A0036E688 /* LaunchScreen.storyboard in Resources */ = {isa = PBXBuildFile; fileRef = 5DCE6D83284A779A0036E688 /* LaunchScreen.storyboard */; };
		5DCE6D90284A779A0036E688 /* PhoneInclinationTests.swift in Sources */ = {isa = PBXBuildFile; fileRef = 5DCE6D8F284A779A0036E688 /* PhoneInclinationTests.swift */; };
		5DCE6D9A284A779A0036E688 /* PhoneInclinationUITests.swift in Sources */ = {isa = PBXBuildFile; fileRef = 5DCE6D99284A779A0036E688 /* PhoneInclinationUITests.swift */; };
		5DCE6D9C284A779A0036E688 /* PhoneInclinationUITestsLaunchTests.swift in Sources */ = {isa = PBXBuildFile; fileRef = 5DCE6D9B284A779A0036E688 /* PhoneInclinationUITestsLaunchTests.swift */; };
		5DCE6DA9284A88D00036E688 /* Extension.swift in Sources */ = {isa = PBXBuildFile; fileRef = 5DCE6DA8284A88D00036E688 /* Extension.swift */; };
/* End PBXBuildFile section */

/* Begin PBXContainerItemProxy section */
		5DCE6D8C284A779A0036E688 /* PBXContainerItemProxy */ = {
			isa = PBXContainerItemProxy;
			containerPortal = 5DCE6D6D284A77980036E688 /* Project object */;
			proxyType = 1;
			remoteGlobalIDString = 5DCE6D74284A77990036E688;
			remoteInfo = PhoneInclination;
		};
		5DCE6D96284A779A0036E688 /* PBXContainerItemProxy */ = {
			isa = PBXContainerItemProxy;
			containerPortal = 5DCE6D6D284A77980036E688 /* Project object */;
			proxyType = 1;
			remoteGlobalIDString = 5DCE6D74284A77990036E688;
			remoteInfo = PhoneInclination;
		};
/* End PBXContainerItemProxy section */

/* Begin PBXFileReference section */
		5DCE6D75284A77990036E688 /* ShakeYourPhone.app */ = {isa = PBXFileReference; explicitFileType = wrapper.application; includeInIndex = 0; path = ShakeYourPhone.app; sourceTree = BUILT_PRODUCTS_DIR; };
		5DCE6D78284A77990036E688 /* AppDelegate.swift */ = {isa = PBXFileReference; lastKnownFileType = sourcecode.swift; path = AppDelegate.swift; sourceTree = "<group>"; };
		5DCE6D7A284A77990036E688 /* SceneDelegate.swift */ = {isa = PBXFileReference; lastKnownFileType = sourcecode.swift; path = SceneDelegate.swift; sourceTree = "<group>"; };
		5DCE6D7C284A77990036E688 /* ShakeYourPhoneViewController.swift */ = {isa = PBXFileReference; lastKnownFileType = sourcecode.swift; path = ShakeYourPhoneViewController.swift; sourceTree = "<group>"; };
		5DCE6D7F284A77990036E688 /* Base */ = {isa = PBXFileReference; lastKnownFileType = file.storyboard; name = Base; path = Base.lproj/Main.storyboard; sourceTree = "<group>"; };
		5DCE6D81284A779A0036E688 /* Assets.xcassets */ = {isa = PBXFileReference; lastKnownFileType = folder.assetcatalog; path = Assets.xcassets; sourceTree = "<group>"; };
		5DCE6D84284A779A0036E688 /* Base */ = {isa = PBXFileReference; lastKnownFileType = file.storyboard; name = Base; path = Base.lproj/LaunchScreen.storyboard; sourceTree = "<group>"; };
		5DCE6D86284A779A0036E688 /* Info.plist */ = {isa = PBXFileReference; lastKnownFileType = text.plist.xml; path = Info.plist; sourceTree = "<group>"; };
		5DCE6D8B284A779A0036E688 /* ShakeYourPhoneTests.xctest */ = {isa = PBXFileReference; explicitFileType = wrapper.cfbundle; includeInIndex = 0; path = ShakeYourPhoneTests.xctest; sourceTree = BUILT_PRODUCTS_DIR; };
		5DCE6D8F284A779A0036E688 /* PhoneInclinationTests.swift */ = {isa = PBXFileReference; lastKnownFileType = sourcecode.swift; path = PhoneInclinationTests.swift; sourceTree = "<group>"; };
		5DCE6D95284A779A0036E688 /* ShakeYourPhoneUITests.xctest */ = {isa = PBXFileReference; explicitFileType = wrapper.cfbundle; includeInIndex = 0; path = ShakeYourPhoneUITests.xctest; sourceTree = BUILT_PRODUCTS_DIR; };
		5DCE6D99284A779A0036E688 /* PhoneInclinationUITests.swift */ = {isa = PBXFileReference; lastKnownFileType = sourcecode.swift; path = PhoneInclinationUITests.swift; sourceTree = "<group>"; };
		5DCE6D9B284A779A0036E688 /* PhoneInclinationUITestsLaunchTests.swift */ = {isa = PBXFileReference; lastKnownFileType = sourcecode.swift; path = PhoneInclinationUITestsLaunchTests.swift; sourceTree = "<group>"; };
		5DCE6DA8284A88D00036E688 /* Extension.swift */ = {isa = PBXFileReference; lastKnownFileType = sourcecode.swift; path = Extension.swift; sourceTree = "<group>"; };
/* End PBXFileReference section */

/* Begin PBXFrameworksBuildPhase section */
		5DCE6D72284A77990036E688 /* Frameworks */ = {
			isa = PBXFrameworksBuildPhase;
			buildActionMask = 2147483647;
			files = (
			);
			runOnlyForDeploymentPostprocessing = 0;
		};
		5DCE6D88284A779A0036E688 /* Frameworks */ = {
			isa = PBXFrameworksBuildPhase;
			buildActionMask = 2147483647;
			files = (
			);
			runOnlyForDeploymentPostprocessing = 0;
		};
		5DCE6D92284A779A0036E688 /* Frameworks */ = {
			isa = PBXFrameworksBuildPhase;
			buildActionMask = 2147483647;
			files = (
			);
			runOnlyForDeploymentPostprocessing = 0;
		};
/* End PBXFrameworksBuildPhase section */

/* Begin PBXGroup section */
		5DCE6D6C284A77980036E688 = {
			isa = PBXGroup;
			children = (
				5DCE6D77284A77990036E688 /* ShakeYourPhone */,
				5DCE6D8E284A779A0036E688 /* PhoneInclinationTests */,
				5DCE6D98284A779A0036E688 /* PhoneInclinationUITests */,
				5DCE6D76284A77990036E688 /* Products */,
			);
			sourceTree = "<group>";
		};
		5DCE6D76284A77990036E688 /* Products */ = {
			isa = PBXGroup;
			children = (
				5DCE6D75284A77990036E688 /* ShakeYourPhone.app */,
				5DCE6D8B284A779A0036E688 /* ShakeYourPhoneTests.xctest */,
				5DCE6D95284A779A0036E688 /* ShakeYourPhoneUITests.xctest */,
			);
			name = Products;
			sourceTree = "<group>";
		};
		5DCE6D77284A77990036E688 /* ShakeYourPhone */ = {
			isa = PBXGroup;
			children = (
				5DCE6D78284A77990036E688 /* AppDelegate.swift */,
				5DCE6D7A284A77990036E688 /* SceneDelegate.swift */,
				5DCE6D7C284A77990036E688 /* ShakeYourPhoneViewController.swift */,
				5DCE6DA8284A88D00036E688 /* Extension.swift */,
				5DCE6D7E284A77990036E688 /* Main.storyboard */,
				5DCE6D81284A779A0036E688 /* Assets.xcassets */,
				5DCE6D83284A779A0036E688 /* LaunchScreen.storyboard */,
				5DCE6D86284A779A0036E688 /* Info.plist */,
			);
			path = ShakeYourPhone;
			sourceTree = "<group>";
		};
		5DCE6D8E284A779A0036E688 /* PhoneInclinationTests */ = {
			isa = PBXGroup;
			children = (
				5DCE6D8F284A779A0036E688 /* PhoneInclinationTests.swift */,
			);
			path = PhoneInclinationTests;
			sourceTree = "<group>";
		};
		5DCE6D98284A779A0036E688 /* PhoneInclinationUITests */ = {
			isa = PBXGroup;
			children = (
				5DCE6D99284A779A0036E688 /* PhoneInclinationUITests.swift */,
				5DCE6D9B284A779A0036E688 /* PhoneInclinationUITestsLaunchTests.swift */,
			);
			path = PhoneInclinationUITests;
			sourceTree = "<group>";
		};
/* End PBXGroup section */

/* Begin PBXNativeTarget section */
		5DCE6D74284A77990036E688 /* ShakeYourPhone */ = {
			isa = PBXNativeTarget;
			buildConfigurationList = 5DCE6D9F284A779A0036E688 /* Build configuration list for PBXNativeTarget "ShakeYourPhone" */;
			buildPhases = (
				5DCE6D71284A77990036E688 /* Sources */,
				5DCE6D72284A77990036E688 /* Frameworks */,
				5DCE6D73284A77990036E688 /* Resources */,
			);
			buildRules = (
			);
			dependencies = (
			);
			name = ShakeYourPhone;
			productName = PhoneInclination;
			productReference = 5DCE6D75284A77990036E688 /* ShakeYourPhone.app */;
			productType = "com.apple.product-type.application";
		};
		5DCE6D8A284A779A0036E688 /* ShakeYourPhoneTests */ = {
			isa = PBXNativeTarget;
			buildConfigurationList = 5DCE6DA2284A779A0036E688 /* Build configuration list for PBXNativeTarget "ShakeYourPhoneTests" */;
			buildPhases = (
				5DCE6D87284A779A0036E688 /* Sources */,
				5DCE6D88284A779A0036E688 /* Frameworks */,
				5DCE6D89284A779A0036E688 /* Resources */,
			);
			buildRules = (
			);
			dependencies = (
				5DCE6D8D284A779A0036E688 /* PBXTargetDependency */,
			);
			name = ShakeYourPhoneTests;
			productName = PhoneInclinationTests;
			productReference = 5DCE6D8B284A779A0036E688 /* ShakeYourPhoneTests.xctest */;
			productType = "com.apple.product-type.bundle.unit-test";
		};
		5DCE6D94284A779A0036E688 /* ShakeYourPhoneUITests */ = {
			isa = PBXNativeTarget;
			buildConfigurationList = 5DCE6DA5284A779A0036E688 /* Build configuration list for PBXNativeTarget "ShakeYourPhoneUITests" */;
			buildPhases = (
				5DCE6D91284A779A0036E688 /* Sources */,
				5DCE6D92284A779A0036E688 /* Frameworks */,
				5DCE6D93284A779A0036E688 /* Resources */,
			);
			buildRules = (
			);
			dependencies = (
				5DCE6D97284A779A0036E688 /* PBXTargetDependency */,
			);
			name = ShakeYourPhoneUITests;
			productName = PhoneInclinationUITests;
			productReference = 5DCE6D95284A779A0036E688 /* ShakeYourPhoneUITests.xctest */;
			productType = "com.apple.product-type.bundle.ui-testing";
		};
/* End PBXNativeTarget section */

/* Begin PBXProject section */
		5DCE6D6D284A77980036E688 /* Project object */ = {
			isa = PBXProject;
			attributes = {
				BuildIndependentTargetsInParallel = 1;
				LastSwiftUpdateCheck = 1340;
				LastUpgradeCheck = 1340;
				TargetAttributes = {
					5DCE6D74284A77990036E688 = {
						CreatedOnToolsVersion = 13.4.1;
					};
					5DCE6D8A284A779A0036E688 = {
						CreatedOnToolsVersion = 13.4.1;
						TestTargetID = 5DCE6D74284A77990036E688;
					};
					5DCE6D94284A779A0036E688 = {
						CreatedOnToolsVersion = 13.4.1;
						TestTargetID = 5DCE6D74284A77990036E688;
					};
				};
			};
			buildConfigurationList = 5DCE6D70284A77980036E688 /* Build configuration list for PBXProject "ShakeYourPhone" */;
			compatibilityVersion = "Xcode 13.0";
			developmentRegion = en;
			hasScannedForEncodings = 0;
			knownRegions = (
				en,
				Base,
			);
			mainGroup = 5DCE6D6C284A77980036E688;
			productRefGroup = 5DCE6D76284A77990036E688 /* Products */;
			projectDirPath = "";
			projectRoot = "";
			targets = (
				5DCE6D74284A77990036E688 /* ShakeYourPhone */,
				5DCE6D8A284A779A0036E688 /* ShakeYourPhoneTests */,
				5DCE6D94284A779A0036E688 /* ShakeYourPhoneUITests */,
			);
		};
/* End PBXProject section */

/* Begin PBXResourcesBuildPhase section */
		5DCE6D73284A77990036E688 /* Resources */ = {
			isa = PBXResourcesBuildPhase;
			buildActionMask = 2147483647;
			files = (
				5DCE6D85284A779A0036E688 /* LaunchScreen.storyboard in Resources */,
				5DCE6D82284A779A0036E688 /* Assets.xcassets in Resources */,
				5DCE6D80284A77990036E688 /* Main.storyboard in Resources */,
			);
			runOnlyForDeploymentPostprocessing = 0;
		};
		5DCE6D89284A779A0036E688 /* Resources */ = {
			isa = PBXResourcesBuildPhase;
			buildActionMask = 2147483647;
			files = (
			);
			runOnlyForDeploymentPostprocessing = 0;
		};
		5DCE6D93284A779A0036E688 /* Resources */ = {
			isa = PBXResourcesBuildPhase;
			buildActionMask = 2147483647;
			files = (
			);
			runOnlyForDeploymentPostprocessing = 0;
		};
/* End PBXResourcesBuildPhase section */

/* Begin PBXSourcesBuildPhase section */
		5DCE6D71284A77990036E688 /* Sources */ = {
			isa = PBXSourcesBuildPhase;
			buildActionMask = 2147483647;
			files = (
				5DCE6D7D284A77990036E688 /* ShakeYourPhoneViewController.swift in Sources */,
				5DCE6D79284A77990036E688 /* AppDelegate.swift in Sources */,
				5DCE6D7B284A77990036E688 /* SceneDelegate.swift in Sources */,
				5DCE6DA9284A88D00036E688 /* Extension.swift in Sources */,
			);
			runOnlyForDeploymentPostprocessing = 0;
		};
		5DCE6D87284A779A0036E688 /* Sources */ = {
			isa = PBXSourcesBuildPhase;
			buildActionMask = 2147483647;
			files = (
				5DCE6D90284A779A0036E688 /* PhoneInclinationTests.swift in Sources */,
			);
			runOnlyForDeploymentPostprocessing = 0;
		};
		5DCE6D91284A779A0036E688 /* Sources */ = {
			isa = PBXSourcesBuildPhase;
			buildActionMask = 2147483647;
			files = (
				5DCE6D9C284A779A0036E688 /* PhoneInclinationUITestsLaunchTests.swift in Sources */,
				5DCE6D9A284A779A0036E688 /* PhoneInclinationUITests.swift in Sources */,
			);
			runOnlyForDeploymentPostprocessing = 0;
		};
/* End PBXSourcesBuildPhase section */

/* Begin PBXTargetDependency section */
		5DCE6D8D284A779A0036E688 /* PBXTargetDependency */ = {
			isa = PBXTargetDependency;
			target = 5DCE6D74284A77990036E688 /* ShakeYourPhone */;
			targetProxy = 5DCE6D8C284A779A0036E688 /* PBXContainerItemProxy */;
		};
		5DCE6D97284A779A0036E688 /* PBXTargetDependency */ = {
			isa = PBXTargetDependency;
			target = 5DCE6D74284A77990036E688 /* ShakeYourPhone */;
			targetProxy = 5DCE6D96284A779A0036E688 /* PBXContainerItemProxy */;
		};
/* End PBXTargetDependency section */

/* Begin PBXVariantGroup section */
		5DCE6D7E284A77990036E688 /* Main.storyboard */ = {
			isa = PBXVariantGroup;
			children = (
				5DCE6D7F284A77990036E688 /* Base */,
			);
			name = Main.storyboard;
			sourceTree = "<group>";
		};
		5DCE6D83284A779A0036E688 /* LaunchScreen.storyboard */ = {
			isa = PBXVariantGroup;
			children = (
				5DCE6D84284A779A0036E688 /* Base */,
			);
			name = LaunchScreen.storyboard;
			sourceTree = "<group>";
		};
/* End PBXVariantGroup section */

/* Begin XCBuildConfiguration section */
		5DCE6D9D284A779A0036E688 /* Debug */ = {
			isa = XCBuildConfiguration;
			buildSettings = {
				ALWAYS_SEARCH_USER_PATHS = NO;
				CLANG_ANALYZER_NONNULL = YES;
				CLANG_ANALYZER_NUMBER_OBJECT_CONVERSION = YES_AGGRESSIVE;
				CLANG_CXX_LANGUAGE_STANDARD = "gnu++17";
				CLANG_ENABLE_MODULES = YES;
				CLANG_ENABLE_OBJC_ARC = YES;
				CLANG_ENABLE_OBJC_WEAK = YES;
				CLANG_WARN_BLOCK_CAPTURE_AUTORELEASING = YES;
				CLANG_WARN_BOOL_CONVERSION = YES;
				CLANG_WARN_COMMA = YES;
				CLANG_WARN_CONSTANT_CONVERSION = YES;
				CLANG_WARN_DEPRECATED_OBJC_IMPLEMENTATIONS = YES;
				CLANG_WARN_DIRECT_OBJC_ISA_USAGE = YES_ERROR;
				CLANG_WARN_DOCUMENTATION_COMMENTS = YES;
				CLANG_WARN_EMPTY_BODY = YES;
				CLANG_WARN_ENUM_CONVERSION = YES;
				CLANG_WARN_INFINITE_RECURSION = YES;
				CLANG_WARN_INT_CONVERSION = YES;
				CLANG_WARN_NON_LITERAL_NULL_CONVERSION = YES;
				CLANG_WARN_OBJC_IMPLICIT_RETAIN_SELF = YES;
				CLANG_WARN_OBJC_LITERAL_CONVERSION = YES;
				CLANG_WARN_OBJC_ROOT_CLASS = YES_ERROR;
				CLANG_WARN_QUOTED_INCLUDE_IN_FRAMEWORK_HEADER = YES;
				CLANG_WARN_RANGE_LOOP_ANALYSIS = YES;
				CLANG_WARN_STRICT_PROTOTYPES = YES;
				CLANG_WARN_SUSPICIOUS_MOVE = YES;
				CLANG_WARN_UNGUARDED_AVAILABILITY = YES_AGGRESSIVE;
				CLANG_WARN_UNREACHABLE_CODE = YES;
				CLANG_WARN__DUPLICATE_METHOD_MATCH = YES;
				COPY_PHASE_STRIP = NO;
				DEBUG_INFORMATION_FORMAT = dwarf;
				ENABLE_STRICT_OBJC_MSGSEND = YES;
				ENABLE_TESTABILITY = YES;
				GCC_C_LANGUAGE_STANDARD = gnu11;
				GCC_DYNAMIC_NO_PIC = NO;
				GCC_NO_COMMON_BLOCKS = YES;
				GCC_OPTIMIZATION_LEVEL = 0;
				GCC_PREPROCESSOR_DEFINITIONS = (
					"DEBUG=1",
					"$(inherited)",
				);
				GCC_WARN_64_TO_32_BIT_CONVERSION = YES;
				GCC_WARN_ABOUT_RETURN_TYPE = YES_ERROR;
				GCC_WARN_UNDECLARED_SELECTOR = YES;
				GCC_WARN_UNINITIALIZED_AUTOS = YES_AGGRESSIVE;
				GCC_WARN_UNUSED_FUNCTION = YES;
				GCC_WARN_UNUSED_VARIABLE = YES;
				IPHONEOS_DEPLOYMENT_TARGET = 15.5;
				MTL_ENABLE_DEBUG_INFO = INCLUDE_SOURCE;
				MTL_FAST_MATH = YES;
				ONLY_ACTIVE_ARCH = YES;
				SDKROOT = iphoneos;
				SWIFT_ACTIVE_COMPILATION_CONDITIONS = DEBUG;
				SWIFT_OPTIMIZATION_LEVEL = "-Onone";
			};
			name = Debug;
		};
		5DCE6D9E284A779A0036E688 /* Release */ = {
			isa = XCBuildConfiguration;
			buildSettings = {
				ALWAYS_SEARCH_USER_PATHS = NO;
				CLANG_ANALYZER_NONNULL = YES;
				CLANG_ANALYZER_NUMBER_OBJECT_CONVERSION = YES_AGGRESSIVE;
				CLANG_CXX_LANGUAGE_STANDARD = "gnu++17";
				CLANG_ENABLE_MODULES = YES;
				CLANG_ENABLE_OBJC_ARC = YES;
				CLANG_ENABLE_OBJC_WEAK = YES;
				CLANG_WARN_BLOCK_CAPTURE_AUTORELEASING = YES;
				CLANG_WARN_BOOL_CONVERSION = YES;
				CLANG_WARN_COMMA = YES;
				CLANG_WARN_CONSTANT_CONVERSION = YES;
				CLANG_WARN_DEPRECATED_OBJC_IMPLEMENTATIONS = YES;
				CLANG_WARN_DIRECT_OBJC_ISA_USAGE = YES_ERROR;
				CLANG_WARN_DOCUMENTATION_COMMENTS = YES;
				CLANG_WARN_EMPTY_BODY = YES;
				CLANG_WARN_ENUM_CONVERSION = YES;
				CLANG_WARN_INFINITE_RECURSION = YES;
				CLANG_WARN_INT_CONVERSION = YES;
				CLANG_WARN_NON_LITERAL_NULL_CONVERSION = YES;
				CLANG_WARN_OBJC_IMPLICIT_RETAIN_SELF = YES;
				CLANG_WARN_OBJC_LITERAL_CONVERSION = YES;
				CLANG_WARN_OBJC_ROOT_CLASS = YES_ERROR;
				CLANG_WARN_QUOTED_INCLUDE_IN_FRAMEWORK_HEADER = YES;
				CLANG_WARN_RANGE_LOOP_ANALYSIS = YES;
				CLANG_WARN_STRICT_PROTOTYPES = YES;
				CLANG_WARN_SUSPICIOUS_MOVE = YES;
				CLANG_WARN_UNGUARDED_AVAILABILITY = YES_AGGRESSIVE;
				CLANG_WARN_UNREACHABLE_CODE = YES;
				CLANG_WARN__DUPLICATE_METHOD_MATCH = YES;
				COPY_PHASE_STRIP = NO;
				DEBUG_INFORMATION_FORMAT = "dwarf-with-dsym";
				ENABLE_NS_ASSERTIONS = NO;
				ENABLE_STRICT_OBJC_MSGSEND = YES;
				GCC_C_LANGUAGE_STANDARD = gnu11;
				GCC_NO_COMMON_BLOCKS = YES;
				GCC_WARN_64_TO_32_BIT_CONVERSION = YES;
				GCC_WARN_ABOUT_RETURN_TYPE = YES_ERROR;
				GCC_WARN_UNDECLARED_SELECTOR = YES;
				GCC_WARN_UNINITIALIZED_AUTOS = YES_AGGRESSIVE;
				GCC_WARN_UNUSED_FUNCTION = YES;
				GCC_WARN_UNUSED_VARIABLE = YES;
				IPHONEOS_DEPLOYMENT_TARGET = 15.5;
				MTL_ENABLE_DEBUG_INFO = NO;
				MTL_FAST_MATH = YES;
				SDKROOT = iphoneos;
				SWIFT_COMPILATION_MODE = wholemodule;
				SWIFT_OPTIMIZATION_LEVEL = "-O";
				VALIDATE_PRODUCT = YES;
			};
			name = Release;
		};
		5DCE6DA0284A779A0036E688 /* Debug */ = {
			isa = XCBuildConfiguration;
			buildSettings = {
				ASSETCATALOG_COMPILER_APPICON_NAME = AppIcon;
				ASSETCATALOG_COMPILER_GLOBAL_ACCENT_COLOR_NAME = AccentColor;
				CODE_SIGN_STYLE = Automatic;
				CURRENT_PROJECT_VERSION = 1;
				DEVELOPMENT_TEAM = 7TYL7A6LG8;
				GENERATE_INFOPLIST_FILE = YES;
				INFOPLIST_FILE = ShakeYourPhone/Info.plist;
				INFOPLIST_KEY_UIApplicationSupportsIndirectInputEvents = YES;
				INFOPLIST_KEY_UILaunchStoryboardName = LaunchScreen;
				INFOPLIST_KEY_UIMainStoryboardFile = Main;
				INFOPLIST_KEY_UISupportedInterfaceOrientations_iPad = "UIInterfaceOrientationPortrait UIInterfaceOrientationPortraitUpsideDown UIInterfaceOrientationLandscapeLeft UIInterfaceOrientationLandscapeRight";
				INFOPLIST_KEY_UISupportedInterfaceOrientations_iPhone = "UIInterfaceOrientationPortrait UIInterfaceOrientationLandscapeLeft UIInterfaceOrientationLandscapeRight";
				LD_RUNPATH_SEARCH_PATHS = (
					"$(inherited)",
					"@executable_path/Frameworks",
				);
				MARKETING_VERSION = 1.0;
				PRODUCT_BUNDLE_IDENTIFIER = xodn.PhoneInclination;
				PRODUCT_NAME = "$(TARGET_NAME)";
				SWIFT_EMIT_LOC_STRINGS = YES;
				SWIFT_VERSION = 5.0;
				TARGETED_DEVICE_FAMILY = "1,2";
			};
			name = Debug;
		};
		5DCE6DA1284A779A0036E688 /* Release */ = {
			isa = XCBuildConfiguration;
			buildSettings = {
				ASSETCATALOG_COMPILER_APPICON_NAME = AppIcon;
				ASSETCATALOG_COMPILER_GLOBAL_ACCENT_COLOR_NAME = AccentColor;
				CODE_SIGN_STYLE = Automatic;
				CURRENT_PROJECT_VERSION = 1;
				DEVELOPMENT_TEAM = 7TYL7A6LG8;
				GENERATE_INFOPLIST_FILE = YES;
				INFOPLIST_FILE = ShakeYourPhone/Info.plist;
				INFOPLIST_KEY_UIApplicationSupportsIndirectInputEvents = YES;
				INFOPLIST_KEY_UILaunchStoryboardName = LaunchScreen;
				INFOPLIST_KEY_UIMainStoryboardFile = Main;
				INFOPLIST_KEY_UISupportedInterfaceOrientations_iPad = "UIInterfaceOrientationPortrait UIInterfaceOrientationPortraitUpsideDown UIInterfaceOrientationLandscapeLeft UIInterfaceOrientationLandscapeRight";
				INFOPLIST_KEY_UISupportedInterfaceOrientations_iPhone = "UIInterfaceOrientationPortrait UIInterfaceOrientationLandscapeLeft UIInterfaceOrientationLandscapeRight";
				LD_RUNPATH_SEARCH_PATHS = (
					"$(inherited)",
					"@executable_path/Frameworks",
				);
				MARKETING_VERSION = 1.0;
				PRODUCT_BUNDLE_IDENTIFIER = xodn.PhoneInclination;
				PRODUCT_NAME = "$(TARGET_NAME)";
				SWIFT_EMIT_LOC_STRINGS = YES;
				SWIFT_VERSION = 5.0;
				TARGETED_DEVICE_FAMILY = "1,2";
			};
			name = Release;
		};
		5DCE6DA3284A779A0036E688 /* Debug */ = {
			isa = XCBuildConfiguration;
			buildSettings = {
				ALWAYS_EMBED_SWIFT_STANDARD_LIBRARIES = YES;
				BUNDLE_LOADER = "$(TEST_HOST)";
				CODE_SIGN_STYLE = Automatic;
				CURRENT_PROJECT_VERSION = 1;
				DEVELOPMENT_TEAM = 7TYL7A6LG8;
				GENERATE_INFOPLIST_FILE = YES;
				IPHONEOS_DEPLOYMENT_TARGET = 15.5;
				MARKETING_VERSION = 1.0;
				PRODUCT_BUNDLE_IDENTIFIER = xodn.PhoneInclinationTests;
				PRODUCT_NAME = "$(TARGET_NAME)";
				SWIFT_EMIT_LOC_STRINGS = NO;
				SWIFT_VERSION = 5.0;
				TARGETED_DEVICE_FAMILY = "1,2";
				TEST_HOST = "$(BUILT_PRODUCTS_DIR)/ShakeYourPhone.app/ShakeYourPhone";
			};
			name = Debug;
		};
		5DCE6DA4284A779A0036E688 /* Release */ = {
			isa = XCBuildConfiguration;
			buildSettings = {
				ALWAYS_EMBED_SWIFT_STANDARD_LIBRARIES = YES;
				BUNDLE_LOADER = "$(TEST_HOST)";
				CODE_SIGN_STYLE = Automatic;
				CURRENT_PROJECT_VERSION = 1;
				DEVELOPMENT_TEAM = 7TYL7A6LG8;
				GENERATE_INFOPLIST_FILE = YES;
				IPHONEOS_DEPLOYMENT_TARGET = 15.5;
				MARKETING_VERSION = 1.0;
				PRODUCT_BUNDLE_IDENTIFIER = xodn.PhoneInclinationTests;
				PRODUCT_NAME = "$(TARGET_NAME)";
				SWIFT_EMIT_LOC_STRINGS = NO;
				SWIFT_VERSION = 5.0;
				TARGETED_DEVICE_FAMILY = "1,2";
				TEST_HOST = "$(BUILT_PRODUCTS_DIR)/ShakeYourPhone.app/ShakeYourPhone";
			};
			name = Release;
		};
		5DCE6DA6284A779A0036E688 /* Debug */ = {
			isa = XCBuildConfiguration;
			buildSettings = {
				ALWAYS_EMBED_SWIFT_STANDARD_LIBRARIES = YES;
				CODE_SIGN_STYLE = Automatic;
				CURRENT_PROJECT_VERSION = 1;
				DEVELOPMENT_TEAM = 7TYL7A6LG8;
				GENERATE_INFOPLIST_FILE = YES;
				MARKETING_VERSION = 1.0;
				PRODUCT_BUNDLE_IDENTIFIER = xodn.PhoneInclinationUITests;
				PRODUCT_NAME = "$(TARGET_NAME)";
				SWIFT_EMIT_LOC_STRINGS = NO;
				SWIFT_VERSION = 5.0;
				TARGETED_DEVICE_FAMILY = "1,2";
				TEST_TARGET_NAME = PhoneInclination;
			};
			name = Debug;
		};
		5DCE6DA7284A779A0036E688 /* Release */ = {
			isa = XCBuildConfiguration;
			buildSettings = {
				ALWAYS_EMBED_SWIFT_STANDARD_LIBRARIES = YES;
				CODE_SIGN_STYLE = Automatic;
				CURRENT_PROJECT_VERSION = 1;
				DEVELOPMENT_TEAM = 7TYL7A6LG8;
				GENERATE_INFOPLIST_FILE = YES;
				MARKETING_VERSION = 1.0;
				PRODUCT_BUNDLE_IDENTIFIER = xodn.PhoneInclinationUITests;
				PRODUCT_NAME = "$(TARGET_NAME)";
				SWIFT_EMIT_LOC_STRINGS = NO;
				SWIFT_VERSION = 5.0;
				TARGETED_DEVICE_FAMILY = "1,2";
				TEST_TARGET_NAME = PhoneInclination;
			};
			name = Release;
		};
/* End XCBuildConfiguration section */

/* Begin XCConfigurationList section */
		5DCE6D70284A77980036E688 /* Build configuration list for PBXProject "ShakeYourPhone" */ = {
			isa = XCConfigurationList;
			buildConfigurations = (
				5DCE6D9D284A779A0036E688 /* Debug */,
				5DCE6D9E284A779A0036E688 /* Release */,
			);
			defaultConfigurationIsVisible = 0;
			defaultConfigurationName = Release;
		};
		5DCE6D9F284A779A0036E688 /* Build configuration list for PBXNativeTarget "ShakeYourPhone" */ = {
			isa = XCConfigurationList;
			buildConfigurations = (
				5DCE6DA0284A779A0036E688 /* Debug */,
				5DCE6DA1284A779A0036E688 /* Release */,
			);
			defaultConfigurationIsVisible = 0;
			defaultConfigurationName = Release;
		};
		5DCE6DA2284A779A0036E688 /* Build configuration list for PBXNativeTarget "ShakeYourPhoneTests" */ = {
			isa = XCConfigurationList;
			buildConfigurations = (
				5DCE6DA3284A779A0036E688 /* Debug */,
				5DCE6DA4284A779A0036E688 /* Release */,
			);
			defaultConfigurationIsVisible = 0;
			defaultConfigurationName = Release;
		};
		5DCE6DA5284A779A0036E688 /* Build configuration list for PBXNativeTarget "ShakeYourPhoneUITests" */ = {
			isa = XCConfigurationList;
			buildConfigurations = (
				5DCE6DA6284A779A0036E688 /* Debug */,
				5DCE6DA7284A779A0036E688 /* Release */,
			);
			defaultConfigurationIsVisible = 0;
			defaultConfigurationName = Release;
		};
/* End XCConfigurationList section */
	};
	rootObject = 5DCE6D6D284A77980036E688 /* Project object */;
}
