// !$*UTF8*$!
{
	archiveVersion = 1;
	classes = {
	};
	objectVersion = 55;
	objects = {

/* Begin PBXBuildFile section */
		5D968445284B567100C7EF18 /* AppDelegate.swift in Sources */ = {isa = PBXBuildFile; fileRef = 5D968444284B567100C7EF18 /* AppDelegate.swift */; };
		5D968447284B567100C7EF18 /* SceneDelegate.swift in Sources */ = {isa = PBXBuildFile; fileRef = 5D968446284B567100C7EF18 /* SceneDelegate.swift */; };
		5D968449284B567100C7EF18 /* EdgeSwipeViewController.swift in Sources */ = {isa = PBXBuildFile; fileRef = 5D968448284B567100C7EF18 /* EdgeSwipeViewController.swift */; };
		5D96844C284B567100C7EF18 /* Main.storyboard in Resources */ = {isa = PBXBuildFile; fileRef = 5D96844A284B567100C7EF18 /* Main.storyboard */; };
		5D96844E284B567200C7EF18 /* Assets.xcassets in Resources */ = {isa = PBXBuildFile; fileRef = 5D96844D284B567200C7EF18 /* Assets.xcassets */; };
		5D968451284B567200C7EF18 /* LaunchScreen.storyboard in Resources */ = {isa = PBXBuildFile; fileRef = 5D96844F284B567200C7EF18 /* LaunchScreen.storyboard */; };
		5D96845C284B567200C7EF18 /* EdgeGestureTests.swift in Sources */ = {isa = PBXBuildFile; fileRef = 5D96845B284B567200C7EF18 /* EdgeGestureTests.swift */; };
		5D968466284B567200C7EF18 /* EdgeGestureUITests.swift in Sources */ = {isa = PBXBuildFile; fileRef = 5D968465284B567200C7EF18 /* EdgeGestureUITests.swift */; };
		5D968468284B567200C7EF18 /* EdgeGestureUITestsLaunchTests.swift in Sources */ = {isa = PBXBuildFile; fileRef = 5D968467284B567200C7EF18 /* EdgeGestureUITestsLaunchTests.swift */; };
		5D968477284B62F500C7EF18 /* BorderAnimation.swift in Sources */ = {isa = PBXBuildFile; fileRef = 5D968476284B62F500C7EF18 /* BorderAnimation.swift */; };
/* End PBXBuildFile section */

/* Begin PBXContainerItemProxy section */
		5D968458284B567200C7EF18 /* PBXContainerItemProxy */ = {
			isa = PBXContainerItemProxy;
			containerPortal = 5D968439284B567100C7EF18 /* Project object */;
			proxyType = 1;
			remoteGlobalIDString = 5D968440284B567100C7EF18;
			remoteInfo = EdgeGesture;
		};
		5D968462284B567200C7EF18 /* PBXContainerItemProxy */ = {
			isa = PBXContainerItemProxy;
			containerPortal = 5D968439284B567100C7EF18 /* Project object */;
			proxyType = 1;
			remoteGlobalIDString = 5D968440284B567100C7EF18;
			remoteInfo = EdgeGesture;
		};
/* End PBXContainerItemProxy section */

/* Begin PBXFileReference section */
		5D968441284B567100C7EF18 /* EdgeSwipe.app */ = {isa = PBXFileReference; explicitFileType = wrapper.application; includeInIndex = 0; path = EdgeSwipe.app; sourceTree = BUILT_PRODUCTS_DIR; };
		5D968444284B567100C7EF18 /* AppDelegate.swift */ = {isa = PBXFileReference; lastKnownFileType = sourcecode.swift; path = AppDelegate.swift; sourceTree = "<group>"; };
		5D968446284B567100C7EF18 /* SceneDelegate.swift */ = {isa = PBXFileReference; lastKnownFileType = sourcecode.swift; path = SceneDelegate.swift; sourceTree = "<group>"; };
		5D968448284B567100C7EF18 /* EdgeSwipeViewController.swift */ = {isa = PBXFileReference; lastKnownFileType = sourcecode.swift; path = EdgeSwipeViewController.swift; sourceTree = "<group>"; };
		5D96844B284B567100C7EF18 /* Base */ = {isa = PBXFileReference; lastKnownFileType = file.storyboard; name = Base; path = Base.lproj/Main.storyboard; sourceTree = "<group>"; };
		5D96844D284B567200C7EF18 /* Assets.xcassets */ = {isa = PBXFileReference; lastKnownFileType = folder.assetcatalog; path = Assets.xcassets; sourceTree = "<group>"; };
		5D968450284B567200C7EF18 /* Base */ = {isa = PBXFileReference; lastKnownFileType = file.storyboard; name = Base; path = Base.lproj/LaunchScreen.storyboard; sourceTree = "<group>"; };
		5D968452284B567200C7EF18 /* Info.plist */ = {isa = PBXFileReference; lastKnownFileType = text.plist.xml; path = Info.plist; sourceTree = "<group>"; };
		5D968457284B567200C7EF18 /* EdgeSwipeTests.xctest */ = {isa = PBXFileReference; explicitFileType = wrapper.cfbundle; includeInIndex = 0; path = EdgeSwipeTests.xctest; sourceTree = BUILT_PRODUCTS_DIR; };
		5D96845B284B567200C7EF18 /* EdgeGestureTests.swift */ = {isa = PBXFileReference; lastKnownFileType = sourcecode.swift; path = EdgeGestureTests.swift; sourceTree = "<group>"; };
		5D968461284B567200C7EF18 /* EdgeSwipeUITests.xctest */ = {isa = PBXFileReference; explicitFileType = wrapper.cfbundle; includeInIndex = 0; path = EdgeSwipeUITests.xctest; sourceTree = BUILT_PRODUCTS_DIR; };
		5D968465284B567200C7EF18 /* EdgeGestureUITests.swift */ = {isa = PBXFileReference; lastKnownFileType = sourcecode.swift; path = EdgeGestureUITests.swift; sourceTree = "<group>"; };
		5D968467284B567200C7EF18 /* EdgeGestureUITestsLaunchTests.swift */ = {isa = PBXFileReference; lastKnownFileType = sourcecode.swift; path = EdgeGestureUITestsLaunchTests.swift; sourceTree = "<group>"; };
		5D968476284B62F500C7EF18 /* BorderAnimation.swift */ = {isa = PBXFileReference; lastKnownFileType = sourcecode.swift; path = BorderAnimation.swift; sourceTree = "<group>"; };
/* End PBXFileReference section */

/* Begin PBXFrameworksBuildPhase section */
		5D96843E284B567100C7EF18 /* Frameworks */ = {
			isa = PBXFrameworksBuildPhase;
			buildActionMask = 2147483647;
			files = (
			);
			runOnlyForDeploymentPostprocessing = 0;
		};
		5D968454284B567200C7EF18 /* Frameworks */ = {
			isa = PBXFrameworksBuildPhase;
			buildActionMask = 2147483647;
			files = (
			);
			runOnlyForDeploymentPostprocessing = 0;
		};
		5D96845E284B567200C7EF18 /* Frameworks */ = {
			isa = PBXFrameworksBuildPhase;
			buildActionMask = 2147483647;
			files = (
			);
			runOnlyForDeploymentPostprocessing = 0;
		};
/* End PBXFrameworksBuildPhase section */

/* Begin PBXGroup section */
		5D968438284B567100C7EF18 = {
			isa = PBXGroup;
			children = (
				5D968443284B567100C7EF18 /* EdgeSwipe */,
				5D96845A284B567200C7EF18 /* EdgeGestureTests */,
				5D968464284B567200C7EF18 /* EdgeGestureUITests */,
				5D968442284B567100C7EF18 /* Products */,
			);
			sourceTree = "<group>";
		};
		5D968442284B567100C7EF18 /* Products */ = {
			isa = PBXGroup;
			children = (
				5D968441284B567100C7EF18 /* EdgeSwipe.app */,
				5D968457284B567200C7EF18 /* EdgeSwipeTests.xctest */,
				5D968461284B567200C7EF18 /* EdgeSwipeUITests.xctest */,
			);
			name = Products;
			sourceTree = "<group>";
		};
		5D968443284B567100C7EF18 /* EdgeSwipe */ = {
			isa = PBXGroup;
			children = (
				5D968444284B567100C7EF18 /* AppDelegate.swift */,
				5D968446284B567100C7EF18 /* SceneDelegate.swift */,
				5D968448284B567100C7EF18 /* EdgeSwipeViewController.swift */,
				5D968476284B62F500C7EF18 /* BorderAnimation.swift */,
				5D96844A284B567100C7EF18 /* Main.storyboard */,
				5D96844D284B567200C7EF18 /* Assets.xcassets */,
				5D96844F284B567200C7EF18 /* LaunchScreen.storyboard */,
				5D968452284B567200C7EF18 /* Info.plist */,
			);
			path = EdgeSwipe;
			sourceTree = "<group>";
		};
		5D96845A284B567200C7EF18 /* EdgeGestureTests */ = {
			isa = PBXGroup;
			children = (
				5D96845B284B567200C7EF18 /* EdgeGestureTests.swift */,
			);
			path = EdgeGestureTests;
			sourceTree = "<group>";
		};
		5D968464284B567200C7EF18 /* EdgeGestureUITests */ = {
			isa = PBXGroup;
			children = (
				5D968465284B567200C7EF18 /* EdgeGestureUITests.swift */,
				5D968467284B567200C7EF18 /* EdgeGestureUITestsLaunchTests.swift */,
			);
			path = EdgeGestureUITests;
			sourceTree = "<group>";
		};
/* End PBXGroup section */

/* Begin PBXNativeTarget section */
		5D968440284B567100C7EF18 /* EdgeSwipe */ = {
			isa = PBXNativeTarget;
			buildConfigurationList = 5D96846B284B567200C7EF18 /* Build configuration list for PBXNativeTarget "EdgeSwipe" */;
			buildPhases = (
				5D96843D284B567100C7EF18 /* Sources */,
				5D96843E284B567100C7EF18 /* Frameworks */,
				5D96843F284B567100C7EF18 /* Resources */,
			);
			buildRules = (
			);
			dependencies = (
			);
			name = EdgeSwipe;
			productName = EdgeGesture;
			productReference = 5D968441284B567100C7EF18 /* EdgeSwipe.app */;
			productType = "com.apple.product-type.application";
		};
		5D968456284B567200C7EF18 /* EdgeSwipeTests */ = {
			isa = PBXNativeTarget;
			buildConfigurationList = 5D96846E284B567200C7EF18 /* Build configuration list for PBXNativeTarget "EdgeSwipeTests" */;
			buildPhases = (
				5D968453284B567200C7EF18 /* Sources */,
				5D968454284B567200C7EF18 /* Frameworks */,
				5D968455284B567200C7EF18 /* Resources */,
			);
			buildRules = (
			);
			dependencies = (
				5D968459284B567200C7EF18 /* PBXTargetDependency */,
			);
			name = EdgeSwipeTests;
			productName = EdgeGestureTests;
			productReference = 5D968457284B567200C7EF18 /* EdgeSwipeTests.xctest */;
			productType = "com.apple.product-type.bundle.unit-test";
		};
		5D968460284B567200C7EF18 /* EdgeSwipeUITests */ = {
			isa = PBXNativeTarget;
			buildConfigurationList = 5D968471284B567200C7EF18 /* Build configuration list for PBXNativeTarget "EdgeSwipeUITests" */;
			buildPhases = (
				5D96845D284B567200C7EF18 /* Sources */,
				5D96845E284B567200C7EF18 /* Frameworks */,
				5D96845F284B567200C7EF18 /* Resources */,
			);
			buildRules = (
			);
			dependencies = (
				5D968463284B567200C7EF18 /* PBXTargetDependency */,
			);
			name = EdgeSwipeUITests;
			productName = EdgeGestureUITests;
			productReference = 5D968461284B567200C7EF18 /* EdgeSwipeUITests.xctest */;
			productType = "com.apple.product-type.bundle.ui-testing";
		};
/* End PBXNativeTarget section */

/* Begin PBXProject section */
		5D968439284B567100C7EF18 /* Project object */ = {
			isa = PBXProject;
			attributes = {
				BuildIndependentTargetsInParallel = 1;
				LastSwiftUpdateCheck = 1340;
				LastUpgradeCheck = 1340;
				TargetAttributes = {
					5D968440284B567100C7EF18 = {
						CreatedOnToolsVersion = 13.4.1;
					};
					5D968456284B567200C7EF18 = {
						CreatedOnToolsVersion = 13.4.1;
						TestTargetID = 5D968440284B567100C7EF18;
					};
					5D968460284B567200C7EF18 = {
						CreatedOnToolsVersion = 13.4.1;
						TestTargetID = 5D968440284B567100C7EF18;
					};
				};
			};
			buildConfigurationList = 5D96843C284B567100C7EF18 /* Build configuration list for PBXProject "EdgeSwipe" */;
			compatibilityVersion = "Xcode 13.0";
			developmentRegion = en;
			hasScannedForEncodings = 0;
			knownRegions = (
				en,
				Base,
			);
			mainGroup = 5D968438284B567100C7EF18;
			productRefGroup = 5D968442284B567100C7EF18 /* Products */;
			projectDirPath = "";
			projectRoot = "";
			targets = (
				5D968440284B567100C7EF18 /* EdgeSwipe */,
				5D968456284B567200C7EF18 /* EdgeSwipeTests */,
				5D968460284B567200C7EF18 /* EdgeSwipeUITests */,
			);
		};
/* End PBXProject section */

/* Begin PBXResourcesBuildPhase section */
		5D96843F284B567100C7EF18 /* Resources */ = {
			isa = PBXResourcesBuildPhase;
			buildActionMask = 2147483647;
			files = (
				5D968451284B567200C7EF18 /* LaunchScreen.storyboard in Resources */,
				5D96844E284B567200C7EF18 /* Assets.xcassets in Resources */,
				5D96844C284B567100C7EF18 /* Main.storyboard in Resources */,
			);
			runOnlyForDeploymentPostprocessing = 0;
		};
		5D968455284B567200C7EF18 /* Resources */ = {
			isa = PBXResourcesBuildPhase;
			buildActionMask = 2147483647;
			files = (
			);
			runOnlyForDeploymentPostprocessing = 0;
		};
		5D96845F284B567200C7EF18 /* Resources */ = {
			isa = PBXResourcesBuildPhase;
			buildActionMask = 2147483647;
			files = (
			);
			runOnlyForDeploymentPostprocessing = 0;
		};
/* End PBXResourcesBuildPhase section */

/* Begin PBXSourcesBuildPhase section */
		5D96843D284B567100C7EF18 /* Sources */ = {
			isa = PBXSourcesBuildPhase;
			buildActionMask = 2147483647;
			files = (
				5D968449284B567100C7EF18 /* EdgeSwipeViewController.swift in Sources */,
				5D968445284B567100C7EF18 /* AppDelegate.swift in Sources */,
				5D968477284B62F500C7EF18 /* BorderAnimation.swift in Sources */,
				5D968447284B567100C7EF18 /* SceneDelegate.swift in Sources */,
			);
			runOnlyForDeploymentPostprocessing = 0;
		};
		5D968453284B567200C7EF18 /* Sources */ = {
			isa = PBXSourcesBuildPhase;
			buildActionMask = 2147483647;
			files = (
				5D96845C284B567200C7EF18 /* EdgeGestureTests.swift in Sources */,
			);
			runOnlyForDeploymentPostprocessing = 0;
		};
		5D96845D284B567200C7EF18 /* Sources */ = {
			isa = PBXSourcesBuildPhase;
			buildActionMask = 2147483647;
			files = (
				5D968466284B567200C7EF18 /* EdgeGestureUITests.swift in Sources */,
				5D968468284B567200C7EF18 /* EdgeGestureUITestsLaunchTests.swift in Sources */,
			);
			runOnlyForDeploymentPostprocessing = 0;
		};
/* End PBXSourcesBuildPhase section */

/* Begin PBXTargetDependency section */
		5D968459284B567200C7EF18 /* PBXTargetDependency */ = {
			isa = PBXTargetDependency;
			target = 5D968440284B567100C7EF18 /* EdgeSwipe */;
			targetProxy = 5D968458284B567200C7EF18 /* PBXContainerItemProxy */;
		};
		5D968463284B567200C7EF18 /* PBXTargetDependency */ = {
			isa = PBXTargetDependency;
			target = 5D968440284B567100C7EF18 /* EdgeSwipe */;
			targetProxy = 5D968462284B567200C7EF18 /* PBXContainerItemProxy */;
		};
/* End PBXTargetDependency section */

/* Begin PBXVariantGroup section */
		5D96844A284B567100C7EF18 /* Main.storyboard */ = {
			isa = PBXVariantGroup;
			children = (
				5D96844B284B567100C7EF18 /* Base */,
			);
			name = Main.storyboard;
			sourceTree = "<group>";
		};
		5D96844F284B567200C7EF18 /* LaunchScreen.storyboard */ = {
			isa = PBXVariantGroup;
			children = (
				5D968450284B567200C7EF18 /* Base */,
			);
			name = LaunchScreen.storyboard;
			sourceTree = "<group>";
		};
/* End PBXVariantGroup section */

/* Begin XCBuildConfiguration section */
		5D968469284B567200C7EF18 /* Debug */ = {
			isa = XCBuildConfiguration;
			buildSettings = {
				ALWAYS_SEARCH_USER_PATHS = NO;
				CLANG_ANALYZER_NONNULL = YES;
				CLANG_ANALYZER_NUMBER_OBJECT_CONVERSION = YES_AGGRESSIVE;
				CLANG_CXX_LANGUAGE_STANDARD = "gnu++17";
				CLANG_ENABLE_MODULES = YES;
				CLANG_ENABLE_OBJC_ARC = YES;
				CLANG_ENABLE_OBJC_WEAK = YES;
				CLANG_WARN_BLOCK_CAPTURE_AUTORELEASING = YES;
				CLANG_WARN_BOOL_CONVERSION = YES;
				CLANG_WARN_COMMA = YES;
				CLANG_WARN_CONSTANT_CONVERSION = YES;
				CLANG_WARN_DEPRECATED_OBJC_IMPLEMENTATIONS = YES;
				CLANG_WARN_DIRECT_OBJC_ISA_USAGE = YES_ERROR;
				CLANG_WARN_DOCUMENTATION_COMMENTS = YES;
				CLANG_WARN_EMPTY_BODY = YES;
				CLANG_WARN_ENUM_CONVERSION = YES;
				CLANG_WARN_INFINITE_RECURSION = YES;
				CLANG_WARN_INT_CONVERSION = YES;
				CLANG_WARN_NON_LITERAL_NULL_CONVERSION = YES;
				CLANG_WARN_OBJC_IMPLICIT_RETAIN_SELF = YES;
				CLANG_WARN_OBJC_LITERAL_CONVERSION = YES;
				CLANG_WARN_OBJC_ROOT_CLASS = YES_ERROR;
				CLANG_WARN_QUOTED_INCLUDE_IN_FRAMEWORK_HEADER = YES;
				CLANG_WARN_RANGE_LOOP_ANALYSIS = YES;
				CLANG_WARN_STRICT_PROTOTYPES = YES;
				CLANG_WARN_SUSPICIOUS_MOVE = YES;
				CLANG_WARN_UNGUARDED_AVAILABILITY = YES_AGGRESSIVE;
				CLANG_WARN_UNREACHABLE_CODE = YES;
				CLANG_WARN__DUPLICATE_METHOD_MATCH = YES;
				COPY_PHASE_STRIP = NO;
				DEBUG_INFORMATION_FORMAT = dwarf;
				ENABLE_STRICT_OBJC_MSGSEND = YES;
				ENABLE_TESTABILITY = YES;
				GCC_C_LANGUAGE_STANDARD = gnu11;
				GCC_DYNAMIC_NO_PIC = NO;
				GCC_NO_COMMON_BLOCKS = YES;
				GCC_OPTIMIZATION_LEVEL = 0;
				GCC_PREPROCESSOR_DEFINITIONS = (
					"DEBUG=1",
					"$(inherited)",
				);
				GCC_WARN_64_TO_32_BIT_CONVERSION = YES;
				GCC_WARN_ABOUT_RETURN_TYPE = YES_ERROR;
				GCC_WARN_UNDECLARED_SELECTOR = YES;
				GCC_WARN_UNINITIALIZED_AUTOS = YES_AGGRESSIVE;
				GCC_WARN_UNUSED_FUNCTION = YES;
				GCC_WARN_UNUSED_VARIABLE = YES;
				IPHONEOS_DEPLOYMENT_TARGET = 15.5;
				MTL_ENABLE_DEBUG_INFO = INCLUDE_SOURCE;
				MTL_FAST_MATH = YES;
				ONLY_ACTIVE_ARCH = YES;
				SDKROOT = iphoneos;
				SWIFT_ACTIVE_COMPILATION_CONDITIONS = DEBUG;
				SWIFT_OPTIMIZATION_LEVEL = "-Onone";
			};
			name = Debug;
		};
		5D96846A284B567200C7EF18 /* Release */ = {
			isa = XCBuildConfiguration;
			buildSettings = {
				ALWAYS_SEARCH_USER_PATHS = NO;
				CLANG_ANALYZER_NONNULL = YES;
				CLANG_ANALYZER_NUMBER_OBJECT_CONVERSION = YES_AGGRESSIVE;
				CLANG_CXX_LANGUAGE_STANDARD = "gnu++17";
				CLANG_ENABLE_MODULES = YES;
				CLANG_ENABLE_OBJC_ARC = YES;
				CLANG_ENABLE_OBJC_WEAK = YES;
				CLANG_WARN_BLOCK_CAPTURE_AUTORELEASING = YES;
				CLANG_WARN_BOOL_CONVERSION = YES;
				CLANG_WARN_COMMA = YES;
				CLANG_WARN_CONSTANT_CONVERSION = YES;
				CLANG_WARN_DEPRECATED_OBJC_IMPLEMENTATIONS = YES;
				CLANG_WARN_DIRECT_OBJC_ISA_USAGE = YES_ERROR;
				CLANG_WARN_DOCUMENTATION_COMMENTS = YES;
				CLANG_WARN_EMPTY_BODY = YES;
				CLANG_WARN_ENUM_CONVERSION = YES;
				CLANG_WARN_INFINITE_RECURSION = YES;
				CLANG_WARN_INT_CONVERSION = YES;
				CLANG_WARN_NON_LITERAL_NULL_CONVERSION = YES;
				CLANG_WARN_OBJC_IMPLICIT_RETAIN_SELF = YES;
				CLANG_WARN_OBJC_LITERAL_CONVERSION = YES;
				CLANG_WARN_OBJC_ROOT_CLASS = YES_ERROR;
				CLANG_WARN_QUOTED_INCLUDE_IN_FRAMEWORK_HEADER = YES;
				CLANG_WARN_RANGE_LOOP_ANALYSIS = YES;
				CLANG_WARN_STRICT_PROTOTYPES = YES;
				CLANG_WARN_SUSPICIOUS_MOVE = YES;
				CLANG_WARN_UNGUARDED_AVAILABILITY = YES_AGGRESSIVE;
				CLANG_WARN_UNREACHABLE_CODE = YES;
				CLANG_WARN__DUPLICATE_METHOD_MATCH = YES;
				COPY_PHASE_STRIP = NO;
				DEBUG_INFORMATION_FORMAT = "dwarf-with-dsym";
				ENABLE_NS_ASSERTIONS = NO;
				ENABLE_STRICT_OBJC_MSGSEND = YES;
				GCC_C_LANGUAGE_STANDARD = gnu11;
				GCC_NO_COMMON_BLOCKS = YES;
				GCC_WARN_64_TO_32_BIT_CONVERSION = YES;
				GCC_WARN_ABOUT_RETURN_TYPE = YES_ERROR;
				GCC_WARN_UNDECLARED_SELECTOR = YES;
				GCC_WARN_UNINITIALIZED_AUTOS = YES_AGGRESSIVE;
				GCC_WARN_UNUSED_FUNCTION = YES;
				GCC_WARN_UNUSED_VARIABLE = YES;
				IPHONEOS_DEPLOYMENT_TARGET = 15.5;
				MTL_ENABLE_DEBUG_INFO = NO;
				MTL_FAST_MATH = YES;
				SDKROOT = iphoneos;
				SWIFT_COMPILATION_MODE = wholemodule;
				SWIFT_OPTIMIZATION_LEVEL = "-O";
				VALIDATE_PRODUCT = YES;
			};
			name = Release;
		};
		5D96846C284B567200C7EF18 /* Debug */ = {
			isa = XCBuildConfiguration;
			buildSettings = {
				ASSETCATALOG_COMPILER_APPICON_NAME = AppIcon;
				ASSETCATALOG_COMPILER_GLOBAL_ACCENT_COLOR_NAME = AccentColor;
				CODE_SIGN_STYLE = Automatic;
				CURRENT_PROJECT_VERSION = 1;
				DEVELOPMENT_TEAM = 7TYL7A6LG8;
				GENERATE_INFOPLIST_FILE = YES;
				INFOPLIST_FILE = EdgeSwipe/Info.plist;
				INFOPLIST_KEY_UIApplicationSupportsIndirectInputEvents = YES;
				INFOPLIST_KEY_UILaunchStoryboardName = LaunchScreen;
				INFOPLIST_KEY_UIMainStoryboardFile = Main;
				INFOPLIST_KEY_UISupportedInterfaceOrientations_iPad = "UIInterfaceOrientationPortrait UIInterfaceOrientationPortraitUpsideDown UIInterfaceOrientationLandscapeLeft UIInterfaceOrientationLandscapeRight";
				INFOPLIST_KEY_UISupportedInterfaceOrientations_iPhone = "UIInterfaceOrientationPortrait UIInterfaceOrientationLandscapeLeft UIInterfaceOrientationLandscapeRight";
				LD_RUNPATH_SEARCH_PATHS = (
					"$(inherited)",
					"@executable_path/Frameworks",
				);
				MARKETING_VERSION = 1.0;
				PRODUCT_BUNDLE_IDENTIFIER = xodn.EdgeGesture;
				PRODUCT_NAME = "$(TARGET_NAME)";
				SWIFT_EMIT_LOC_STRINGS = YES;
				SWIFT_VERSION = 5.0;
				TARGETED_DEVICE_FAMILY = "1,2";
			};
			name = Debug;
		};
		5D96846D284B567200C7EF18 /* Release */ = {
			isa = XCBuildConfiguration;
			buildSettings = {
				ASSETCATALOG_COMPILER_APPICON_NAME = AppIcon;
				ASSETCATALOG_COMPILER_GLOBAL_ACCENT_COLOR_NAME = AccentColor;
				CODE_SIGN_STYLE = Automatic;
				CURRENT_PROJECT_VERSION = 1;
				DEVELOPMENT_TEAM = 7TYL7A6LG8;
				GENERATE_INFOPLIST_FILE = YES;
				INFOPLIST_FILE = EdgeSwipe/Info.plist;
				INFOPLIST_KEY_UIApplicationSupportsIndirectInputEvents = YES;
				INFOPLIST_KEY_UILaunchStoryboardName = LaunchScreen;
				INFOPLIST_KEY_UIMainStoryboardFile = Main;
				INFOPLIST_KEY_UISupportedInterfaceOrientations_iPad = "UIInterfaceOrientationPortrait UIInterfaceOrientationPortraitUpsideDown UIInterfaceOrientationLandscapeLeft UIInterfaceOrientationLandscapeRight";
				INFOPLIST_KEY_UISupportedInterfaceOrientations_iPhone = "UIInterfaceOrientationPortrait UIInterfaceOrientationLandscapeLeft UIInterfaceOrientationLandscapeRight";
				LD_RUNPATH_SEARCH_PATHS = (
					"$(inherited)",
					"@executable_path/Frameworks",
				);
				MARKETING_VERSION = 1.0;
				PRODUCT_BUNDLE_IDENTIFIER = xodn.EdgeGesture;
				PRODUCT_NAME = "$(TARGET_NAME)";
				SWIFT_EMIT_LOC_STRINGS = YES;
				SWIFT_VERSION = 5.0;
				TARGETED_DEVICE_FAMILY = "1,2";
			};
			name = Release;
		};
		5D96846F284B567200C7EF18 /* Debug */ = {
			isa = XCBuildConfiguration;
			buildSettings = {
				ALWAYS_EMBED_SWIFT_STANDARD_LIBRARIES = YES;
				BUNDLE_LOADER = "$(TEST_HOST)";
				CODE_SIGN_STYLE = Automatic;
				CURRENT_PROJECT_VERSION = 1;
				DEVELOPMENT_TEAM = 7TYL7A6LG8;
				GENERATE_INFOPLIST_FILE = YES;
				IPHONEOS_DEPLOYMENT_TARGET = 15.5;
				MARKETING_VERSION = 1.0;
				PRODUCT_BUNDLE_IDENTIFIER = xodn.EdgeGestureTests;
				PRODUCT_NAME = "$(TARGET_NAME)";
				SWIFT_EMIT_LOC_STRINGS = NO;
				SWIFT_VERSION = 5.0;
				TARGETED_DEVICE_FAMILY = "1,2";
				TEST_HOST = "$(BUILT_PRODUCTS_DIR)/EdgeSwipe.app/EdgeSwipe";
			};
			name = Debug;
		};
		5D968470284B567200C7EF18 /* Release */ = {
			isa = XCBuildConfiguration;
			buildSettings = {
				ALWAYS_EMBED_SWIFT_STANDARD_LIBRARIES = YES;
				BUNDLE_LOADER = "$(TEST_HOST)";
				CODE_SIGN_STYLE = Automatic;
				CURRENT_PROJECT_VERSION = 1;
				DEVELOPMENT_TEAM = 7TYL7A6LG8;
				GENERATE_INFOPLIST_FILE = YES;
				IPHONEOS_DEPLOYMENT_TARGET = 15.5;
				MARKETING_VERSION = 1.0;
				PRODUCT_BUNDLE_IDENTIFIER = xodn.EdgeGestureTests;
				PRODUCT_NAME = "$(TARGET_NAME)";
				SWIFT_EMIT_LOC_STRINGS = NO;
				SWIFT_VERSION = 5.0;
				TARGETED_DEVICE_FAMILY = "1,2";
				TEST_HOST = "$(BUILT_PRODUCTS_DIR)/EdgeSwipe.app/EdgeSwipe";
			};
			name = Release;
		};
		5D968472284B567200C7EF18 /* Debug */ = {
			isa = XCBuildConfiguration;
			buildSettings = {
				ALWAYS_EMBED_SWIFT_STANDARD_LIBRARIES = YES;
				CODE_SIGN_STYLE = Automatic;
				CURRENT_PROJECT_VERSION = 1;
				DEVELOPMENT_TEAM = 7TYL7A6LG8;
				GENERATE_INFOPLIST_FILE = YES;
				MARKETING_VERSION = 1.0;
				PRODUCT_BUNDLE_IDENTIFIER = xodn.EdgeGestureUITests;
				PRODUCT_NAME = "$(TARGET_NAME)";
				SWIFT_EMIT_LOC_STRINGS = NO;
				SWIFT_VERSION = 5.0;
				TARGETED_DEVICE_FAMILY = "1,2";
				TEST_TARGET_NAME = EdgeGesture;
			};
			name = Debug;
		};
		5D968473284B567200C7EF18 /* Release */ = {
			isa = XCBuildConfiguration;
			buildSettings = {
				ALWAYS_EMBED_SWIFT_STANDARD_LIBRARIES = YES;
				CODE_SIGN_STYLE = Automatic;
				CURRENT_PROJECT_VERSION = 1;
				DEVELOPMENT_TEAM = 7TYL7A6LG8;
				GENERATE_INFOPLIST_FILE = YES;
				MARKETING_VERSION = 1.0;
				PRODUCT_BUNDLE_IDENTIFIER = xodn.EdgeGestureUITests;
				PRODUCT_NAME = "$(TARGET_NAME)";
				SWIFT_EMIT_LOC_STRINGS = NO;
				SWIFT_VERSION = 5.0;
				TARGETED_DEVICE_FAMILY = "1,2";
				TEST_TARGET_NAME = EdgeGesture;
			};
			name = Release;
		};
/* End XCBuildConfiguration section */

/* Begin XCConfigurationList section */
		5D96843C284B567100C7EF18 /* Build configuration list for PBXProject "EdgeSwipe" */ = {
			isa = XCConfigurationList;
			buildConfigurations = (
				5D968469284B567200C7EF18 /* Debug */,
				5D96846A284B567200C7EF18 /* Release */,
			);
			defaultConfigurationIsVisible = 0;
			defaultConfigurationName = Release;
		};
		5D96846B284B567200C7EF18 /* Build configuration list for PBXNativeTarget "EdgeSwipe" */ = {
			isa = XCConfigurationList;
			buildConfigurations = (
				5D96846C284B567200C7EF18 /* Debug */,
				5D96846D284B567200C7EF18 /* Release */,
			);
			defaultConfigurationIsVisible = 0;
			defaultConfigurationName = Release;
		};
		5D96846E284B567200C7EF18 /* Build configuration list for PBXNativeTarget "EdgeSwipeTests" */ = {
			isa = XCConfigurationList;
			buildConfigurations = (
				5D96846F284B567200C7EF18 /* Debug */,
				5D968470284B567200C7EF18 /* Release */,
			);
			defaultConfigurationIsVisible = 0;
			defaultConfigurationName = Release;
		};
		5D968471284B567200C7EF18 /* Build configuration list for PBXNativeTarget "EdgeSwipeUITests" */ = {
			isa = XCConfigurationList;
			buildConfigurations = (
				5D968472284B567200C7EF18 /* Debug */,
				5D968473284B567200C7EF18 /* Release */,
			);
			defaultConfigurationIsVisible = 0;
			defaultConfigurationName = Release;
		};
/* End XCConfigurationList section */
	};
	rootObject = 5D968439284B567100C7EF18 /* Project object */;
}
